<?xml version="1.0" encoding="utf-8"?>
<Project ToolsVersion="4.0" xmlns="http://schemas.microsoft.com/developer/msbuild/2003">
  <ItemGroup>
    <Filter Include="Source Files">
      <UniqueIdentifier>{4FC737F1-C7A5-4376-A066-2A32D752A2FF}</UniqueIdentifier>
      <Extensions>cpp;c;cc;cxx;def;odl;idl;hpj;bat;asm;asmx</Extensions>
    </Filter>
    <Filter Include="Header Files">
      <UniqueIdentifier>{93995380-89BD-4b04-88EB-625FBE52EBFB}</UniqueIdentifier>
      <Extensions>h;hpp;hxx;hm;inl;inc;xsd</Extensions>
    </Filter>
    <Filter Include="Resource Files">
      <UniqueIdentifier>{67DA6AB6-F800-4c08-8B7A-83BB121AAD01}</UniqueIdentifier>
      <Extensions>rc;ico;cur;bmp;dlg;rc2;rct;bin;rgs;gif;jpg;jpeg;jpe;resx;tiff;tif;png;wav;mfcribbon-ms</Extensions>
    </Filter>
  </ItemGroup>
  <ItemGroup>
    <ClInclude Include="mover4\header\task_controller.h">
      <Filter>Header Files</Filter>
    </ClInclude>
    <ClInclude Include="mover4\header\adc.h">
      <Filter>Header Files</Filter>
    </ClInclude>
    <ClInclude Include="mover4\header\config.h">
      <Filter>Header Files</Filter>
    </ClInclude>
    <ClInclude Include="mover4\header\ncurses_init.h">
      <Filter>Header Files</Filter>
    </ClInclude>
    <ClInclude Include="mover4\header\public.h">
      <Filter>Header Files</Filter>
    </ClInclude>
    <ClInclude Include="mover4\header\tick.h">
      <Filter>Header Files</Filter>
    </ClInclude>
    <ClInclude Include="mover4\header\packet.h">
      <Filter>Header Files</Filter>
    </ClInclude>
    <ClInclude Include="mover4\header\PCANBasic.h">
      <Filter>Header Files</Filter>
    </ClInclude>
  </ItemGroup>
  <ItemGroup>
    <ClCompile Include="mover4\sol_mover4\main.cpp">
      <Filter>Source Files</Filter>
    </ClCompile>
    <ClCompile Include="mover4\tick.cpp">
      <Filter>Source Files</Filter>
    </ClCompile>
    <ClCompile Include="mover4\adc.cpp">
      <Filter>Source Files</Filter>
    </ClCompile>
    <ClCompile Include="mover4\ncurses_init.cpp">
      <Filter>Source Files</Filter>
    </ClCompile>
    <ClCompile Include="mover4\packet.cpp">
      <Filter>Source Files</Filter>
    </ClCompile>
    <ClCompile Include="mover4\task_controller_v4.cpp">
      <Filter>Source Files</Filter>
    </ClCompile>
    <ClCompile Include="mover4\task_openGl_v2.cpp">
      <Filter>Source Files</Filter>
    </ClCompile>
  </ItemGroup>
  <ItemGroup>
    <Text Include="mover4\sol_mover4\vial.txt">
      <Filter>Source Files</Filter>
    </Text>
  </ItemGroup>
  <ItemGroup>
    <Library Include="mover4\lib\x86\PCANBasic.lib">
      <Filter>Source Files</Filter>
    </Library>
  </ItemGroup>
</Project>